
Microsoft Visual Studio Solution File, Format Version 12.00
# Visual Studio Version 17
VisualStudioVersion = 17.9.34728.123
MinimumVisualStudioVersion = 10.0.40219.1
Project("{FAE04EC0-301F-11D3-BF4B-00C04F79EFBC}") = "LostInTheCorn2", "LostInTheCorn2\LostInTheCorn2.csproj", "{EAA46329-2753-4C72-B883-86C5D2799F7A}"
EndProject
Global
	GlobalSection(SolutionConfigurationPlatforms) = preSolution
		Debug|Any CPU = Debug|Any CPU
		Release|Any CPU = Release|Any CPU
	EndGlobalSection
	GlobalSection(ProjectConfigurationPlatforms) = postSolution
		{EAA46329-2753-4C72-B883-86C5D2799F7A}.Debug|Any CPU.ActiveCfg = Debug|Any CPU
		{EAA46329-2753-4C72-B883-86C5D2799F7A}.Debug|Any CPU.Build.0 = Debug|Any CPU
		{EAA46329-2753-4C72-B883-86C5D2799F7A}.Release|Any CPU.ActiveCfg = Release|Any CPU
		{EAA46329-2753-4C72-B883-86C5D2799F7A}.Release|Any CPU.Build.0 = Release|Any CPU
	EndGlobalSection
	GlobalSection(SolutionProperties) = preSolution
		HideSolutionNode = FALSE
	EndGlobalSection
	GlobalSection(ExtensibilityGlobals) = postSolution
		SolutionGuid = {45AD95B6-4D57-4F59-9020-9FA0A66FE133}
	EndGlobalSection
EndGlobal
